<?xml version="1.0" encoding="utf-8"?>
<Project ToolsVersion="4.0" xmlns="http://schemas.microsoft.com/developer/msbuild/2003">
  <ItemGroup>
    <Filter Include="layers">
      <UniqueIdentifier>{3588EB0A-212A-16E1-0AE5-2935F6259D31}</UniqueIdentifier>
    </Filter>
    <Filter Include="scripts">
      <UniqueIdentifier>{6D076287-D9E6-E022-E2FE-6BF94E5D4784}</UniqueIdentifier>
    </Filter>
    <Filter Include="scripts\algos">
      <UniqueIdentifier>{72E1D11B-DEA1-4D52-A7DC-96CF135C922E}</UniqueIdentifier>
    </Filter>
    <Filter Include="scripts\routines">
      <UniqueIdentifier>{55B61D0A-41AF-3C5C-6AE1-21E156391C68}</UniqueIdentifier>
    </Filter>
    <Filter Include="scripts\simulation">
      <UniqueIdentifier>{A1798C42-8D5D-4D98-F6BD-47EBE2C0371A}</UniqueIdentifier>
    </Filter>
  </ItemGroup>
  <ItemGroup>
    <ClInclude Include="src\layers\example_layer.h">
      <Filter>layers</Filter>
    </ClInclude>
    <ClInclude Include="src\layers\sandbox_2d.h">
      <Filter>layers</Filter>
    </ClInclude>
    <ClInclude Include="src\scripts\algos\bubble_sort.h">
      <Filter>scripts\algos</Filter>
    </ClInclude>
    <ClInclude Include="src\scripts\algos\heap_sort.h">
      <Filter>scripts\algos</Filter>
    </ClInclude>
    <ClInclude Include="src\scripts\algos\insertion_sort.h">
      <Filter>scripts\algos</Filter>
    </ClInclude>
    <ClInclude Include="src\scripts\algos\merge_sort.h">
      <Filter>scripts\algos</Filter>
    </ClInclude>
    <ClInclude Include="src\scripts\algos\quick_sort.h">
      <Filter>scripts\algos</Filter>
    </ClInclude>
    <ClInclude Include="src\scripts\algos\selection_sort.h">
      <Filter>scripts\algos</Filter>
    </ClInclude>
    <ClInclude Include="src\scripts\algos\sorting_algo.h">
      <Filter>scripts\algos</Filter>
    </ClInclude>
    <ClInclude Include="src\scripts\formulas.h">
      <Filter>scripts</Filter>
    </ClInclude>
    <ClInclude Include="src\scripts\routines\insert_routine.h">
      <Filter>scripts\routines</Filter>
    </ClInclude>
    <ClInclude Include="src\scripts\routines\swap_routine.h">
      <Filter>scripts\routines</Filter>
    </ClInclude>
    <ClInclude Include="src\scripts\simulation\simulation_step.h">
      <Filter>scripts\simulation</Filter>
    </ClInclude>
    <ClInclude Include="src\scripts\simulation\simulation_step_bubble.h">
      <Filter>scripts\simulation</Filter>
    </ClInclude>
    <ClInclude Include="src\scripts\simulation\simulation_step_heap.h">
      <Filter>scripts\simulation</Filter>
    </ClInclude>
    <ClInclude Include="src\scripts\simulation\simulation_step_insertion.h">
      <Filter>scripts\simulation</Filter>
    </ClInclude>
    <ClInclude Include="src\scripts\simulation\simulation_step_merge.h">
      <Filter>scripts\simulation</Filter>
    </ClInclude>
    <ClInclude Include="src\scripts\simulation\simulation_step_quick.h">
      <Filter>scripts\simulation</Filter>
    </ClInclude>
    <ClInclude Include="src\scripts\simulation\simulation_step_selection.h">
      <Filter>scripts\simulation</Filter>
    </ClInclude>
    <ClInclude Include="src\scripts\sorting_element.h">
      <Filter>scripts</Filter>
    </ClInclude>
    <ClInclude Include="src\scripts\sorting_manager.h">
      <Filter>scripts</Filter>
    </ClInclude>
  </ItemGroup>
  <ItemGroup>
    <ClCompile Include="src\layers\example_layer.cc">
      <Filter>layers</Filter>
    </ClCompile>
    <ClCompile Include="src\layers\sandbox_2d.cc">
      <Filter>layers</Filter>
    </ClCompile>
    <ClCompile Include="src\sandbox_app.cc" />
    <ClCompile Include="src\scripts\algos\bubble_sort.cc">
      <Filter>scripts\algos</Filter>
    </ClCompile>
    <ClCompile Include="src\scripts\algos\heap_sort.cc">
      <Filter>scripts\algos</Filter>
    </ClCompile>
    <ClCompile Include="src\scripts\algos\insertion_sort.cc">
      <Filter>scripts\algos</Filter>
    </ClCompile>
    <ClCompile Include="src\scripts\algos\merge_sort.cc">
      <Filter>scripts\algos</Filter>
    </ClCompile>
    <ClCompile Include="src\scripts\algos\quick_sort.cc">
      <Filter>scripts\algos</Filter>
    </ClCompile>
    <ClCompile Include="src\scripts\algos\selection_sort.cc">
      <Filter>scripts\algos</Filter>
    </ClCompile>
    <ClCompile Include="src\scripts\formulas.cc">
      <Filter>scripts</Filter>
    </ClCompile>
    <ClCompile Include="src\scripts\routines\swap_routine.cc">
      <Filter>scripts\routines</Filter>
    </ClCompile>
    <ClCompile Include="src\scripts\simulation\simulation_step_bubble.cc">
      <Filter>scripts\simulation</Filter>
    </ClCompile>
    <ClCompile Include="src\scripts\simulation\simulation_step_heap.cc">
      <Filter>scripts\simulation</Filter>
    </ClCompile>
    <ClCompile Include="src\scripts\simulation\simulation_step_insertion.cc">
      <Filter>scripts\simulation</Filter>
    </ClCompile>
    <ClCompile Include="src\scripts\simulation\simulation_step_merge.cc">
      <Filter>scripts\simulation</Filter>
    </ClCompile>
    <ClCompile Include="src\scripts\simulation\simulation_step_quick.cc">
      <Filter>scripts\simulation</Filter>
    </ClCompile>
    <ClCompile Include="src\scripts\simulation\simulation_step_selection.cc">
      <Filter>scripts\simulation</Filter>
    </ClCompile>
    <ClCompile Include="src\scripts\routines\insert_routine.cpp" />
    <ClCompile Include="src\scripts\routines\insert_routine.cc" />
  </ItemGroup>
</Project>